
Microsoft Visual Studio Solution File, Format Version 12.00
# Visual Studio 15
VisualStudioVersion = 15.0.28307.271
MinimumVisualStudioVersion = 10.0.40219.1
Project("{FAE04EC0-301F-11D3-BF4B-00C04F79EFBC}") = "DisenoExperimento", "DisenoExperimento\DisenoExperimento.csproj", "{38E0ACA7-0FEC-4415-BCAE-1AC29661AFC1}"
EndProject
Global
	GlobalSection(SolutionConfigurationPlatforms) = preSolution
		Debug|Any CPU = Debug|Any CPU
		Release|Any CPU = Release|Any CPU
	EndGlobalSection
	GlobalSection(ProjectConfigurationPlatforms) = postSolution
		{38E0ACA7-0FEC-4415-BCAE-1AC29661AFC1}.Debug|Any CPU.ActiveCfg = Debug|Any CPU
		{38E0ACA7-0FEC-4415-BCAE-1AC29661AFC1}.Debug|Any CPU.Build.0 = Debug|Any CPU
		{38E0ACA7-0FEC-4415-BCAE-1AC29661AFC1}.Release|Any CPU.ActiveCfg = Release|Any CPU
		{38E0ACA7-0FEC-4415-BCAE-1AC29661AFC1}.Release|Any CPU.Build.0 = Release|Any CPU
	EndGlobalSection
	GlobalSection(SolutionProperties) = preSolution
		HideSolutionNode = FALSE
	EndGlobalSection
	GlobalSection(ExtensibilityGlobals) = postSolution
		SolutionGuid = {42C943D5-7D35-49F6-8418-2D03BBAE7EE1}
	EndGlobalSection
EndGlobal
